
Microsoft Visual Studio Solution File, Format Version 12.00
# Visual Studio 2013
VisualStudioVersion = 12.0.21005.1
MinimumVisualStudioVersion = 10.0.40219.1
Project("{FAE04EC0-301F-11D3-BF4B-00C04F79EFBC}") = "Bai1", "Bai1\Bai1.csproj", "{291D9C96-2B62-43A2-844C-38F9BEE536E3}"
EndProject
Project("{FAE04EC0-301F-11D3-BF4B-00C04F79EFBC}") = "Bai2", "Bai2\Bai2.csproj", "{1FB6270F-E499-4062-BE7C-3F756452659B}"
EndProject
Global
	GlobalSection(SolutionConfigurationPlatforms) = preSolution
		Debug|Any CPU = Debug|Any CPU
		Release|Any CPU = Release|Any CPU
	EndGlobalSection
	GlobalSection(ProjectConfigurationPlatforms) = postSolution
		{291D9C96-2B62-43A2-844C-38F9BEE536E3}.Debug|Any CPU.ActiveCfg = Debug|Any CPU
		{291D9C96-2B62-43A2-844C-38F9BEE536E3}.Debug|Any CPU.Build.0 = Debug|Any CPU
		{291D9C96-2B62-43A2-844C-38F9BEE536E3}.Release|Any CPU.ActiveCfg = Release|Any CPU
		{291D9C96-2B62-43A2-844C-38F9BEE536E3}.Release|Any CPU.Build.0 = Release|Any CPU
		{1FB6270F-E499-4062-BE7C-3F756452659B}.Debug|Any CPU.ActiveCfg = Debug|Any CPU
		{1FB6270F-E499-4062-BE7C-3F756452659B}.Debug|Any CPU.Build.0 = Debug|Any CPU
		{1FB6270F-E499-4062-BE7C-3F756452659B}.Release|Any CPU.ActiveCfg = Release|Any CPU
		{1FB6270F-E499-4062-BE7C-3F756452659B}.Release|Any CPU.Build.0 = Release|Any CPU
	EndGlobalSection
	GlobalSection(SolutionProperties) = preSolution
		HideSolutionNode = FALSE
	EndGlobalSection
EndGlobal
